{
  "version": 4,
  "terraform_version": "1.5.7",
  "serial": 93,
  "lineage": "48319fad-c326-2c40-254e-74a7feea5f9d",
  "outputs": {
    "boot_disk_ids": {
      "value": {
        "learn-boot-disk-a": [
          "fhm00dqk13fpkfvv38t7"
        ],
        "learn-boot-disk-b": [
          "epdq8tfnbbcce63bq6n3"
        ]
      },
      "type": [
        "object",
        {
          "learn-boot-disk-a": [
            "tuple",
            [
              "string"
            ]
          ],
          "learn-boot-disk-b": [
            "tuple",
            [
              "string"
            ]
          ]
        }
      ]
    },
    "subnet_ids": {
      "value": {
        "ru-central1-a": [
          "e9bouglbpcg95fl1d0nj"
        ],
        "ru-central1-b": [
          "e2lf1v8grof5g94qkpqs"
        ]
      },
      "type": [
        "object",
        {
          "ru-central1-a": [
            "tuple",
            [
              "string"
            ]
          ],
          "ru-central1-b": [
            "tuple",
            [
              "string"
            ]
          ]
        }
      ]
    }
  },
  "resources": [
    {
      "mode": "managed",
      "type": "random_string",
      "name": "bucket_name",
      "provider": "provider[\"registry.terraform.io/hashicorp/random\"]",
      "instances": [
        {
          "schema_version": 2,
          "attributes": {
            "id": "eg9uuhf0",
            "keepers": null,
            "length": 8,
            "lower": true,
            "min_lower": 0,
            "min_numeric": 0,
            "min_special": 0,
            "min_upper": 0,
            "number": true,
            "numeric": true,
            "override_special": null,
            "result": "eg9uuhf0",
            "special": false,
            "upper": false
          },
          "sensitive_attributes": []
        }
      ]
    },
    {
      "mode": "managed",
      "type": "yandex_compute_disk",
      "name": "boot_disk",
      "provider": "provider[\"registry.terraform.io/yandex-cloud/yandex\"]",
      "instances": [
        {
          "index_key": "ru-central1-a",
          "schema_version": 0,
          "attributes": {
            "allow_recreate": null,
            "block_size": 4096,
            "created_at": "2024-12-21T10:14:22Z",
            "description": "",
            "disk_placement_policy": [
              {
                "disk_placement_group_id": ""
              }
            ],
            "folder_id": "b1gsqo8tkq1qvkkvai1s",
            "hardware_generation": [
              {
                "generation2_features": [],
                "legacy_features": [
                  {
                    "pci_topology": "PCI_TOPOLOGY_V1"
                  }
                ]
              }
            ],
            "id": "fhm00dqk13fpkfvv38t7",
            "image_id": "fd8ba9d5mfvlncknt2kd",
            "labels": {},
            "name": "learn-boot-disk-a",
            "product_ids": [
              "f2esogi2vuuuj6uia832"
            ],
            "size": 15,
            "snapshot_id": "",
            "status": "ready",
            "timeouts": null,
            "type": "network-ssd",
            "zone": "ru-central1-a"
          },
          "sensitive_attributes": [],
          "private": "eyJlMmJmYjczMC1lY2FhLTExZTYtOGY4OC0zNDM2M2JjN2M0YzAiOnsiY3JlYXRlIjozMDAwMDAwMDAwMDAsImRlbGV0ZSI6MzAwMDAwMDAwMDAwLCJ1cGRhdGUiOjMwMDAwMDAwMDAwMH19"
        },
        {
          "index_key": "ru-central1-b",
          "schema_version": 0,
          "attributes": {
            "allow_recreate": null,
            "block_size": 4096,
            "created_at": "2024-12-21T10:14:22Z",
            "description": "",
            "disk_placement_policy": [
              {
                "disk_placement_group_id": ""
              }
            ],
            "folder_id": "b1gsqo8tkq1qvkkvai1s",
            "hardware_generation": [
              {
                "generation2_features": [],
                "legacy_features": [
                  {
                    "pci_topology": "PCI_TOPOLOGY_V1"
                  }
                ]
              }
            ],
            "id": "epdq8tfnbbcce63bq6n3",
            "image_id": "fd8ba9d5mfvlncknt2kd",
            "labels": {},
            "name": "learn-boot-disk-b",
            "product_ids": [
              "f2esogi2vuuuj6uia832"
            ],
            "size": 15,
            "snapshot_id": "",
            "status": "ready",
            "timeouts": null,
            "type": "network-ssd",
            "zone": "ru-central1-b"
          },
          "sensitive_attributes": [],
          "private": "eyJlMmJmYjczMC1lY2FhLTExZTYtOGY4OC0zNDM2M2JjN2M0YzAiOnsiY3JlYXRlIjozMDAwMDAwMDAwMDAsImRlbGV0ZSI6MzAwMDAwMDAwMDAwLCJ1cGRhdGUiOjMwMDAwMDAwMDAwMH19"
        }
      ]
    },
    {
      "mode": "managed",
      "type": "yandex_compute_instance",
      "name": "this",
      "provider": "provider[\"registry.terraform.io/yandex-cloud/yandex\"]",
      "instances": []
    },
    {
      "mode": "managed",
      "type": "yandex_vpc_address",
      "name": "this",
      "provider": "provider[\"registry.terraform.io/yandex-cloud/yandex\"]",
      "instances": [
        {
          "index_key": "ru-central1-b",
          "schema_version": 0,
          "attributes": {
            "created_at": "2024-12-21T10:14:24Z",
            "deletion_protection": false,
            "description": "",
            "dns_record": [],
            "external_ipv4_address": [
              {
                "address": "158.160.74.179",
                "ddos_protection_provider": "",
                "outgoing_smtp_capability": "",
                "zone_id": "ru-central1-b"
              }
            ],
            "folder_id": "b1gsqo8tkq1qvkkvai1s",
            "id": "e2ln9r71vth9fthuuo8r",
            "labels": {},
            "name": "learn-linux-vm-address-b",
            "reserved": true,
            "timeouts": null,
            "used": false
          },
          "sensitive_attributes": [],
          "private": "eyJlMmJmYjczMC1lY2FhLTExZTYtOGY4OC0zNDM2M2JjN2M0YzAiOnsiY3JlYXRlIjozMDAwMDAwMDAwMCwiZGVsZXRlIjozMDAwMDAwMDAwMCwidXBkYXRlIjozMDAwMDAwMDAwMH19"
        }
      ]
    },
    {
      "mode": "managed",
      "type": "yandex_vpc_network",
      "name": "this",
      "provider": "provider[\"registry.terraform.io/yandex-cloud/yandex\"]",
      "instances": [
        {
          "schema_version": 0,
          "attributes": {
            "created_at": "2024-12-21T10:14:22Z",
            "default_security_group_id": "enpjlq2oednrktdn5o03",
            "description": "",
            "folder_id": "b1gsqo8tkq1qvkkvai1s",
            "id": "enp3u6dl0v5knl4d67td",
            "labels": {},
            "name": "learn-private",
            "subnet_ids": [
              "e2lf1v8grof5g94qkpqs",
              "e9bouglbpcg95fl1d0nj",
              "fl849msfdhselps6hcjo"
            ],
            "timeouts": null
          },
          "sensitive_attributes": [],
          "private": "eyJlMmJmYjczMC1lY2FhLTExZTYtOGY4OC0zNDM2M2JjN2M0YzAiOnsiY3JlYXRlIjo2MDAwMDAwMDAwMCwiZGVsZXRlIjo2MDAwMDAwMDAwMCwidXBkYXRlIjo2MDAwMDAwMDAwMH19"
        }
      ]
    },
    {
      "mode": "managed",
      "type": "yandex_vpc_subnet",
      "name": "private",
      "provider": "provider[\"registry.terraform.io/yandex-cloud/yandex\"]",
      "instances": [
        {
          "index_key": "ru-central1-a",
          "schema_version": 0,
          "attributes": {
            "created_at": "2024-12-21T10:14:26Z",
            "description": "",
            "dhcp_options": [],
            "folder_id": "b1gsqo8tkq1qvkkvai1s",
            "id": "e9bouglbpcg95fl1d0nj",
            "labels": {},
            "name": "ru-central1-a",
            "network_id": "enp3u6dl0v5knl4d67td",
            "route_table_id": "",
            "timeouts": null,
            "v4_cidr_blocks": [
              "192.168.10.0/24"
            ],
            "v6_cidr_blocks": [],
            "zone": "ru-central1-a"
          },
          "sensitive_attributes": [],
          "private": "eyJlMmJmYjczMC1lY2FhLTExZTYtOGY4OC0zNDM2M2JjN2M0YzAiOnsiY3JlYXRlIjoxODAwMDAwMDAwMDAsImRlbGV0ZSI6MTgwMDAwMDAwMDAwLCJ1cGRhdGUiOjE4MDAwMDAwMDAwMH19",
          "dependencies": [
            "yandex_vpc_network.this"
          ]
        },
        {
          "index_key": "ru-central1-b",
          "schema_version": 0,
          "attributes": {
            "created_at": "2024-12-21T10:14:26Z",
            "description": "",
            "dhcp_options": [],
            "folder_id": "b1gsqo8tkq1qvkkvai1s",
            "id": "e2lf1v8grof5g94qkpqs",
            "labels": {},
            "name": "ru-central1-b",
            "network_id": "enp3u6dl0v5knl4d67td",
            "route_table_id": "",
            "timeouts": null,
            "v4_cidr_blocks": [
              "192.168.11.0/24"
            ],
            "v6_cidr_blocks": [],
            "zone": "ru-central1-b"
          },
          "sensitive_attributes": [],
          "private": "eyJlMmJmYjczMC1lY2FhLTExZTYtOGY4OC0zNDM2M2JjN2M0YzAiOnsiY3JlYXRlIjoxODAwMDAwMDAwMDAsImRlbGV0ZSI6MTgwMDAwMDAwMDAwLCJ1cGRhdGUiOjE4MDAwMDAwMDAwMH19",
          "dependencies": [
            "yandex_vpc_network.this"
          ]
        }
      ]
    }
  ],
  "check_results": null
}
